{
  "object": {
    "pins": [
      {
        "package": "Jay",
        "repositoryURL": "https://github.com/DanToml/Jay",
        "state": {
          "branch": null,
          "revision": "833125251b2d026bee6afa0aff2967a90eb63cd0",
          "version": "1.0.1"
        }
      }
    ]
  },
  "version": 1
}
